
Microsoft Visual Studio Solution File, Format Version 12.00
# Visual Studio Version 17
VisualStudioVersion = 17.5.002.0
MinimumVisualStudioVersion = 10.0.40219.1
Project("{9A19103F-16F7-4668-BE54-9A1E7A4F7556}") = "Stackr-Api", "Stackr-Api\Stackr-Api.csproj", "{6CC72A87-F36F-4240-BB65-6BA1D943405E}"
EndProject
Global
	GlobalSection(SolutionConfigurationPlatforms) = preSolution
		Debug|Any CPU = Debug|Any CPU
		Release|Any CPU = Release|Any CPU
	EndGlobalSection
	GlobalSection(ProjectConfigurationPlatforms) = postSolution
		{6CC72A87-F36F-4240-BB65-6BA1D943405E}.Debug|Any CPU.ActiveCfg = Debug|Any CPU
		{6CC72A87-F36F-4240-BB65-6BA1D943405E}.Debug|Any CPU.Build.0 = Debug|Any CPU
		{6CC72A87-F36F-4240-BB65-6BA1D943405E}.Release|Any CPU.ActiveCfg = Release|Any CPU
		{6CC72A87-F36F-4240-BB65-6BA1D943405E}.Release|Any CPU.Build.0 = Release|Any CPU
	EndGlobalSection
	GlobalSection(SolutionProperties) = preSolution
		HideSolutionNode = FALSE
	EndGlobalSection
	GlobalSection(ExtensibilityGlobals) = postSolution
		SolutionGuid = {41DC70E2-DABF-46B2-9E3E-E04E9EF1E9BE}
	EndGlobalSection
EndGlobal
